// !$*UTF8*$!
{
	archiveVersion = 1;
	classes = {
	};
	objectVersion = 56;
	objects = {

/* Begin PBXBuildFile section */
		930C1636295F5A29004C4F65 /* swift_ui_test_appApp.swift in Sources */ = {isa = PBXBuildFile; fileRef = 930C1635295F5A29004C4F65 /* swift_ui_test_appApp.swift */; };
		930C1638295F5A29004C4F65 /* ContentView.swift in Sources */ = {isa = PBXBuildFile; fileRef = 930C1637295F5A29004C4F65 /* ContentView.swift */; };
		930C163A295F5A2A004C4F65 /* Assets.xcassets in Resources */ = {isa = PBXBuildFile; fileRef = 930C1639295F5A2A004C4F65 /* Assets.xcassets */; };
		930C163D295F5A2A004C4F65 /* Preview Assets.xcassets in Resources */ = {isa = PBXBuildFile; fileRef = 930C163C295F5A2A004C4F65 /* Preview Assets.xcassets */; };
		930C1647295F5A2A004C4F65 /* swift_ui_test_appTests.swift in Sources */ = {isa = PBXBuildFile; fileRef = 930C1646295F5A2A004C4F65 /* swift_ui_test_appTests.swift */; };
		930C1651295F5A2A004C4F65 /* swift_ui_test_appUITests.swift in Sources */ = {isa = PBXBuildFile; fileRef = 930C1650295F5A2A004C4F65 /* swift_ui_test_appUITests.swift */; };
		930C1653295F5A2A004C4F65 /* swift_ui_test_appUITestsLaunchTests.swift in Sources */ = {isa = PBXBuildFile; fileRef = 930C1652295F5A2A004C4F65 /* swift_ui_test_appUITestsLaunchTests.swift */; };
/* End PBXBuildFile section */

/* Begin PBXContainerItemProxy section */
		930C1643295F5A2A004C4F65 /* PBXContainerItemProxy */ = {
			isa = PBXContainerItemProxy;
			containerPortal = 930C162A295F5A29004C4F65 /* Project object */;
			proxyType = 1;
			remoteGlobalIDString = 930C1631295F5A29004C4F65;
			remoteInfo = "swift-ui-test-app";
		};
		930C164D295F5A2A004C4F65 /* PBXContainerItemProxy */ = {
			isa = PBXContainerItemProxy;
			containerPortal = 930C162A295F5A29004C4F65 /* Project object */;
			proxyType = 1;
			remoteGlobalIDString = 930C1631295F5A29004C4F65;
			remoteInfo = "swift-ui-test-app";
		};
/* End PBXContainerItemProxy section */

/* Begin PBXFileReference section */
		930C1632295F5A29004C4F65 /* swift-ui-test-app.app */ = {isa = PBXFileReference; explicitFileType = wrapper.application; includeInIndex = 0; path = "swift-ui-test-app.app"; sourceTree = BUILT_PRODUCTS_DIR; };
		930C1635295F5A29004C4F65 /* swift_ui_test_appApp.swift */ = {isa = PBXFileReference; lastKnownFileType = sourcecode.swift; path = swift_ui_test_appApp.swift; sourceTree = "<group>"; };
		930C1637295F5A29004C4F65 /* ContentView.swift */ = {isa = PBXFileReference; lastKnownFileType = sourcecode.swift; path = ContentView.swift; sourceTree = "<group>"; };
		930C1639295F5A2A004C4F65 /* Assets.xcassets */ = {isa = PBXFileReference; lastKnownFileType = folder.assetcatalog; path = Assets.xcassets; sourceTree = "<group>"; };
		930C163C295F5A2A004C4F65 /* Preview Assets.xcassets */ = {isa = PBXFileReference; lastKnownFileType = folder.assetcatalog; path = "Preview Assets.xcassets"; sourceTree = "<group>"; };
		930C1642295F5A2A004C4F65 /* swift-ui-test-appTests.xctest */ = {isa = PBXFileReference; explicitFileType = wrapper.cfbundle; includeInIndex = 0; path = "swift-ui-test-appTests.xctest"; sourceTree = BUILT_PRODUCTS_DIR; };
		930C1646295F5A2A004C4F65 /* swift_ui_test_appTests.swift */ = {isa = PBXFileReference; lastKnownFileType = sourcecode.swift; path = swift_ui_test_appTests.swift; sourceTree = "<group>"; };
		930C164C295F5A2A004C4F65 /* swift-ui-test-appUITests.xctest */ = {isa = PBXFileReference; explicitFileType = wrapper.cfbundle; includeInIndex = 0; path = "swift-ui-test-appUITests.xctest"; sourceTree = BUILT_PRODUCTS_DIR; };
		930C1650295F5A2A004C4F65 /* swift_ui_test_appUITests.swift */ = {isa = PBXFileReference; lastKnownFileType = sourcecode.swift; path = swift_ui_test_appUITests.swift; sourceTree = "<group>"; };
		930C1652295F5A2A004C4F65 /* swift_ui_test_appUITestsLaunchTests.swift */ = {isa = PBXFileReference; lastKnownFileType = sourcecode.swift; path = swift_ui_test_appUITestsLaunchTests.swift; sourceTree = "<group>"; };
/* End PBXFileReference section */

/* Begin PBXFrameworksBuildPhase section */
		930C162F295F5A29004C4F65 /* Frameworks */ = {
			isa = PBXFrameworksBuildPhase;
			buildActionMask = 2147483647;
			files = (
			);
			runOnlyForDeploymentPostprocessing = 0;
		};
		930C163F295F5A2A004C4F65 /* Frameworks */ = {
			isa = PBXFrameworksBuildPhase;
			buildActionMask = 2147483647;
			files = (
			);
			runOnlyForDeploymentPostprocessing = 0;
		};
		930C1649295F5A2A004C4F65 /* Frameworks */ = {
			isa = PBXFrameworksBuildPhase;
			buildActionMask = 2147483647;
			files = (
			);
			runOnlyForDeploymentPostprocessing = 0;
		};
/* End PBXFrameworksBuildPhase section */

/* Begin PBXGroup section */
		930C1629295F5A29004C4F65 = {
			isa = PBXGroup;
			children = (
				930C1634295F5A29004C4F65 /* swift-ui-test-app */,
				930C1645295F5A2A004C4F65 /* swift-ui-test-appTests */,
				930C164F295F5A2A004C4F65 /* swift-ui-test-appUITests */,
				930C1633295F5A29004C4F65 /* Products */,
			);
			sourceTree = "<group>";
		};
		930C1633295F5A29004C4F65 /* Products */ = {
			isa = PBXGroup;
			children = (
				930C1632295F5A29004C4F65 /* swift-ui-test-app.app */,
				930C1642295F5A2A004C4F65 /* swift-ui-test-appTests.xctest */,
				930C164C295F5A2A004C4F65 /* swift-ui-test-appUITests.xctest */,
			);
			name = Products;
			sourceTree = "<group>";
		};
		930C1634295F5A29004C4F65 /* swift-ui-test-app */ = {
			isa = PBXGroup;
			children = (
				930C1635295F5A29004C4F65 /* swift_ui_test_appApp.swift */,
				930C1637295F5A29004C4F65 /* ContentView.swift */,
				930C1639295F5A2A004C4F65 /* Assets.xcassets */,
				930C163B295F5A2A004C4F65 /* Preview Content */,
			);
			path = "swift-ui-test-app";
			sourceTree = "<group>";
		};
		930C163B295F5A2A004C4F65 /* Preview Content */ = {
			isa = PBXGroup;
			children = (
				930C163C295F5A2A004C4F65 /* Preview Assets.xcassets */,
			);
			path = "Preview Content";
			sourceTree = "<group>";
		};
		930C1645295F5A2A004C4F65 /* swift-ui-test-appTests */ = {
			isa = PBXGroup;
			children = (
				930C1646295F5A2A004C4F65 /* swift_ui_test_appTests.swift */,
			);
			path = "swift-ui-test-appTests";
			sourceTree = "<group>";
		};
		930C164F295F5A2A004C4F65 /* swift-ui-test-appUITests */ = {
			isa = PBXGroup;
			children = (
				930C1650295F5A2A004C4F65 /* swift_ui_test_appUITests.swift */,
				930C1652295F5A2A004C4F65 /* swift_ui_test_appUITestsLaunchTests.swift */,
			);
			path = "swift-ui-test-appUITests";
			sourceTree = "<group>";
		};
/* End PBXGroup section */

/* Begin PBXNativeTarget section */
		930C1631295F5A29004C4F65 /* swift-ui-test-app */ = {
			isa = PBXNativeTarget;
			buildConfigurationList = 930C1656295F5A2A004C4F65 /* Build configuration list for PBXNativeTarget "swift-ui-test-app" */;
			buildPhases = (
				930C162E295F5A29004C4F65 /* Sources */,
				930C162F295F5A29004C4F65 /* Frameworks */,
				930C1630295F5A29004C4F65 /* Resources */,
			);
			buildRules = (
			);
			dependencies = (
			);
			name = "swift-ui-test-app";
			productName = "swift-ui-test-app";
			productReference = 930C1632295F5A29004C4F65 /* swift-ui-test-app.app */;
			productType = "com.apple.product-type.application";
		};
		930C1641295F5A2A004C4F65 /* swift-ui-test-appTests */ = {
			isa = PBXNativeTarget;
			buildConfigurationList = 930C1659295F5A2A004C4F65 /* Build configuration list for PBXNativeTarget "swift-ui-test-appTests" */;
			buildPhases = (
				930C163E295F5A2A004C4F65 /* Sources */,
				930C163F295F5A2A004C4F65 /* Frameworks */,
				930C1640295F5A2A004C4F65 /* Resources */,
			);
			buildRules = (
			);
			dependencies = (
				930C1644295F5A2A004C4F65 /* PBXTargetDependency */,
			);
			name = "swift-ui-test-appTests";
			productName = "swift-ui-test-appTests";
			productReference = 930C1642295F5A2A004C4F65 /* swift-ui-test-appTests.xctest */;
			productType = "com.apple.product-type.bundle.unit-test";
		};
		930C164B295F5A2A004C4F65 /* swift-ui-test-appUITests */ = {
			isa = PBXNativeTarget;
			buildConfigurationList = 930C165C295F5A2A004C4F65 /* Build configuration list for PBXNativeTarget "swift-ui-test-appUITests" */;
			buildPhases = (
				930C1648295F5A2A004C4F65 /* Sources */,
				930C1649295F5A2A004C4F65 /* Frameworks */,
				930C164A295F5A2A004C4F65 /* Resources */,
			);
			buildRules = (
			);
			dependencies = (
				930C164E295F5A2A004C4F65 /* PBXTargetDependency */,
			);
			name = "swift-ui-test-appUITests";
			productName = "swift-ui-test-appUITests";
			productReference = 930C164C295F5A2A004C4F65 /* swift-ui-test-appUITests.xctest */;
			productType = "com.apple.product-type.bundle.ui-testing";
		};
/* End PBXNativeTarget section */

/* Begin PBXProject section */
		930C162A295F5A29004C4F65 /* Project object */ = {
			isa = PBXProject;
			attributes = {
				BuildIndependentTargetsInParallel = 1;
				LastSwiftUpdateCheck = 1420;
				LastUpgradeCheck = 1420;
				TargetAttributes = {
					930C1631295F5A29004C4F65 = {
						CreatedOnToolsVersion = 14.2;
					};
					930C1641295F5A2A004C4F65 = {
						CreatedOnToolsVersion = 14.2;
						TestTargetID = 930C1631295F5A29004C4F65;
					};
					930C164B295F5A2A004C4F65 = {
						CreatedOnToolsVersion = 14.2;
						TestTargetID = 930C1631295F5A29004C4F65;
					};
				};
			};
			buildConfigurationList = 930C162D295F5A29004C4F65 /* Build configuration list for PBXProject "swift-ui-test-app" */;
			compatibilityVersion = "Xcode 14.0";
			developmentRegion = en;
			hasScannedForEncodings = 0;
			knownRegions = (
				en,
				Base,
			);
			mainGroup = 930C1629295F5A29004C4F65;
			productRefGroup = 930C1633295F5A29004C4F65 /* Products */;
			projectDirPath = "";
			projectRoot = "";
			targets = (
				930C1631295F5A29004C4F65 /* swift-ui-test-app */,
				930C1641295F5A2A004C4F65 /* swift-ui-test-appTests */,
				930C164B295F5A2A004C4F65 /* swift-ui-test-appUITests */,
			);
		};
/* End PBXProject section */

/* Begin PBXResourcesBuildPhase section */
		930C1630295F5A29004C4F65 /* Resources */ = {
			isa = PBXResourcesBuildPhase;
			buildActionMask = 2147483647;
			files = (
				930C163D295F5A2A004C4F65 /* Preview Assets.xcassets in Resources */,
				930C163A295F5A2A004C4F65 /* Assets.xcassets in Resources */,
			);
			runOnlyForDeploymentPostprocessing = 0;
		};
		930C1640295F5A2A004C4F65 /* Resources */ = {
			isa = PBXResourcesBuildPhase;
			buildActionMask = 2147483647;
			files = (
			);
			runOnlyForDeploymentPostprocessing = 0;
		};
		930C164A295F5A2A004C4F65 /* Resources */ = {
			isa = PBXResourcesBuildPhase;
			buildActionMask = 2147483647;
			files = (
			);
			runOnlyForDeploymentPostprocessing = 0;
		};
/* End PBXResourcesBuildPhase section */

/* Begin PBXSourcesBuildPhase section */
		930C162E295F5A29004C4F65 /* Sources */ = {
			isa = PBXSourcesBuildPhase;
			buildActionMask = 2147483647;
			files = (
				930C1638295F5A29004C4F65 /* ContentView.swift in Sources */,
				930C1636295F5A29004C4F65 /* swift_ui_test_appApp.swift in Sources */,
			);
			runOnlyForDeploymentPostprocessing = 0;
		};
		930C163E295F5A2A004C4F65 /* Sources */ = {
			isa = PBXSourcesBuildPhase;
			buildActionMask = 2147483647;
			files = (
				930C1647295F5A2A004C4F65 /* swift_ui_test_appTests.swift in Sources */,
			);
			runOnlyForDeploymentPostprocessing = 0;
		};
		930C1648295F5A2A004C4F65 /* Sources */ = {
			isa = PBXSourcesBuildPhase;
			buildActionMask = 2147483647;
			files = (
				930C1653295F5A2A004C4F65 /* swift_ui_test_appUITestsLaunchTests.swift in Sources */,
				930C1651295F5A2A004C4F65 /* swift_ui_test_appUITests.swift in Sources */,
			);
			runOnlyForDeploymentPostprocessing = 0;
		};
/* End PBXSourcesBuildPhase section */

/* Begin PBXTargetDependency section */
		930C1644295F5A2A004C4F65 /* PBXTargetDependency */ = {
			isa = PBXTargetDependency;
			target = 930C1631295F5A29004C4F65 /* swift-ui-test-app */;
			targetProxy = 930C1643295F5A2A004C4F65 /* PBXContainerItemProxy */;
		};
		930C164E295F5A2A004C4F65 /* PBXTargetDependency */ = {
			isa = PBXTargetDependency;
			target = 930C1631295F5A29004C4F65 /* swift-ui-test-app */;
			targetProxy = 930C164D295F5A2A004C4F65 /* PBXContainerItemProxy */;
		};
/* End PBXTargetDependency section */

/* Begin XCBuildConfiguration section */
		930C1654295F5A2A004C4F65 /* Debug */ = {
			isa = XCBuildConfiguration;
			buildSettings = {
				ALWAYS_SEARCH_USER_PATHS = NO;
				CLANG_ANALYZER_NONNULL = YES;
				CLANG_ANALYZER_NUMBER_OBJECT_CONVERSION = YES_AGGRESSIVE;
				CLANG_CXX_LANGUAGE_STANDARD = "gnu++20";
				CLANG_ENABLE_MODULES = YES;
				CLANG_ENABLE_OBJC_ARC = YES;
				CLANG_ENABLE_OBJC_WEAK = YES;
				CLANG_WARN_BLOCK_CAPTURE_AUTORELEASING = YES;
				CLANG_WARN_BOOL_CONVERSION = YES;
				CLANG_WARN_COMMA = YES;
				CLANG_WARN_CONSTANT_CONVERSION = YES;
				CLANG_WARN_DEPRECATED_OBJC_IMPLEMENTATIONS = YES;
				CLANG_WARN_DIRECT_OBJC_ISA_USAGE = YES_ERROR;
				CLANG_WARN_DOCUMENTATION_COMMENTS = YES;
				CLANG_WARN_EMPTY_BODY = YES;
				CLANG_WARN_ENUM_CONVERSION = YES;
				CLANG_WARN_INFINITE_RECURSION = YES;
				CLANG_WARN_INT_CONVERSION = YES;
				CLANG_WARN_NON_LITERAL_NULL_CONVERSION = YES;
				CLANG_WARN_OBJC_IMPLICIT_RETAIN_SELF = YES;
				CLANG_WARN_OBJC_LITERAL_CONVERSION = YES;
				CLANG_WARN_OBJC_ROOT_CLASS = YES_ERROR;
				CLANG_WARN_QUOTED_INCLUDE_IN_FRAMEWORK_HEADER = YES;
				CLANG_WARN_RANGE_LOOP_ANALYSIS = YES;
				CLANG_WARN_STRICT_PROTOTYPES = YES;
				CLANG_WARN_SUSPICIOUS_MOVE = YES;
				CLANG_WARN_UNGUARDED_AVAILABILITY = YES_AGGRESSIVE;
				CLANG_WARN_UNREACHABLE_CODE = YES;
				CLANG_WARN__DUPLICATE_METHOD_MATCH = YES;
				COPY_PHASE_STRIP = NO;
				DEBUG_INFORMATION_FORMAT = dwarf;
				ENABLE_STRICT_OBJC_MSGSEND = YES;
				ENABLE_TESTABILITY = YES;
				GCC_C_LANGUAGE_STANDARD = gnu11;
				GCC_DYNAMIC_NO_PIC = NO;
				GCC_NO_COMMON_BLOCKS = YES;
				GCC_OPTIMIZATION_LEVEL = 0;
				GCC_PREPROCESSOR_DEFINITIONS = (
					"DEBUG=1",
					"$(inherited)",
				);
				GCC_WARN_64_TO_32_BIT_CONVERSION = YES;
				GCC_WARN_ABOUT_RETURN_TYPE = YES_ERROR;
				GCC_WARN_UNDECLARED_SELECTOR = YES;
				GCC_WARN_UNINITIALIZED_AUTOS = YES_AGGRESSIVE;
				GCC_WARN_UNUSED_FUNCTION = YES;
				GCC_WARN_UNUSED_VARIABLE = YES;
				IPHONEOS_DEPLOYMENT_TARGET = 16.2;
				MTL_ENABLE_DEBUG_INFO = INCLUDE_SOURCE;
				MTL_FAST_MATH = YES;
				ONLY_ACTIVE_ARCH = YES;
				SDKROOT = iphoneos;
				SWIFT_ACTIVE_COMPILATION_CONDITIONS = DEBUG;
				SWIFT_OPTIMIZATION_LEVEL = "-Onone";
			};
			name = Debug;
		};
		930C1655295F5A2A004C4F65 /* Release */ = {
			isa = XCBuildConfiguration;
			buildSettings = {
				ALWAYS_SEARCH_USER_PATHS = NO;
				CLANG_ANALYZER_NONNULL = YES;
				CLANG_ANALYZER_NUMBER_OBJECT_CONVERSION = YES_AGGRESSIVE;
				CLANG_CXX_LANGUAGE_STANDARD = "gnu++20";
				CLANG_ENABLE_MODULES = YES;
				CLANG_ENABLE_OBJC_ARC = YES;
				CLANG_ENABLE_OBJC_WEAK = YES;
				CLANG_WARN_BLOCK_CAPTURE_AUTORELEASING = YES;
				CLANG_WARN_BOOL_CONVERSION = YES;
				CLANG_WARN_COMMA = YES;
				CLANG_WARN_CONSTANT_CONVERSION = YES;
				CLANG_WARN_DEPRECATED_OBJC_IMPLEMENTATIONS = YES;
				CLANG_WARN_DIRECT_OBJC_ISA_USAGE = YES_ERROR;
				CLANG_WARN_DOCUMENTATION_COMMENTS = YES;
				CLANG_WARN_EMPTY_BODY = YES;
				CLANG_WARN_ENUM_CONVERSION = YES;
				CLANG_WARN_INFINITE_RECURSION = YES;
				CLANG_WARN_INT_CONVERSION = YES;
				CLANG_WARN_NON_LITERAL_NULL_CONVERSION = YES;
				CLANG_WARN_OBJC_IMPLICIT_RETAIN_SELF = YES;
				CLANG_WARN_OBJC_LITERAL_CONVERSION = YES;
				CLANG_WARN_OBJC_ROOT_CLASS = YES_ERROR;
				CLANG_WARN_QUOTED_INCLUDE_IN_FRAMEWORK_HEADER = YES;
				CLANG_WARN_RANGE_LOOP_ANALYSIS = YES;
				CLANG_WARN_STRICT_PROTOTYPES = YES;
				CLANG_WARN_SUSPICIOUS_MOVE = YES;
				CLANG_WARN_UNGUARDED_AVAILABILITY = YES_AGGRESSIVE;
				CLANG_WARN_UNREACHABLE_CODE = YES;
				CLANG_WARN__DUPLICATE_METHOD_MATCH = YES;
				COPY_PHASE_STRIP = NO;
				DEBUG_INFORMATION_FORMAT = "dwarf-with-dsym";
				ENABLE_NS_ASSERTIONS = NO;
				ENABLE_STRICT_OBJC_MSGSEND = YES;
				GCC_C_LANGUAGE_STANDARD = gnu11;
				GCC_NO_COMMON_BLOCKS = YES;
				GCC_WARN_64_TO_32_BIT_CONVERSION = YES;
				GCC_WARN_ABOUT_RETURN_TYPE = YES_ERROR;
				GCC_WARN_UNDECLARED_SELECTOR = YES;
				GCC_WARN_UNINITIALIZED_AUTOS = YES_AGGRESSIVE;
				GCC_WARN_UNUSED_FUNCTION = YES;
				GCC_WARN_UNUSED_VARIABLE = YES;
				IPHONEOS_DEPLOYMENT_TARGET = 16.2;
				MTL_ENABLE_DEBUG_INFO = NO;
				MTL_FAST_MATH = YES;
				SDKROOT = iphoneos;
				SWIFT_COMPILATION_MODE = wholemodule;
				SWIFT_OPTIMIZATION_LEVEL = "-O";
				VALIDATE_PRODUCT = YES;
			};
			name = Release;
		};
		930C1657295F5A2A004C4F65 /* Debug */ = {
			isa = XCBuildConfiguration;
			buildSettings = {
				ASSETCATALOG_COMPILER_APPICON_NAME = AppIcon;
				ASSETCATALOG_COMPILER_GLOBAL_ACCENT_COLOR_NAME = AccentColor;
				CODE_SIGN_STYLE = Automatic;
				CURRENT_PROJECT_VERSION = 1;
				DEVELOPMENT_ASSET_PATHS = "\"swift-ui-test-app/Preview Content\"";
				DEVELOPMENT_TEAM = 2U3BW2PY7Z;
				ENABLE_PREVIEWS = YES;
				GENERATE_INFOPLIST_FILE = YES;
				INFOPLIST_KEY_UIApplicationSceneManifest_Generation = YES;
				INFOPLIST_KEY_UIApplicationSupportsIndirectInputEvents = YES;
				INFOPLIST_KEY_UILaunchScreen_Generation = YES;
				INFOPLIST_KEY_UISupportedInterfaceOrientations_iPad = "UIInterfaceOrientationPortrait UIInterfaceOrientationPortraitUpsideDown UIInterfaceOrientationLandscapeLeft UIInterfaceOrientationLandscapeRight";
				INFOPLIST_KEY_UISupportedInterfaceOrientations_iPhone = "UIInterfaceOrientationPortrait UIInterfaceOrientationLandscapeLeft UIInterfaceOrientationLandscapeRight";
				LD_RUNPATH_SEARCH_PATHS = (
					"$(inherited)",
					"@executable_path/Frameworks",
				);
				MARKETING_VERSION = 1.0;
				PRODUCT_BUNDLE_IDENTIFIER = "self-project.swift-ui-test-app";
				PRODUCT_NAME = "$(TARGET_NAME)";
				SWIFT_EMIT_LOC_STRINGS = YES;
				SWIFT_VERSION = 5.0;
				TARGETED_DEVICE_FAMILY = "1,2";
			};
			name = Debug;
		};
		930C1658295F5A2A004C4F65 /* Release */ = {
			isa = XCBuildConfiguration;
			buildSettings = {
				ASSETCATALOG_COMPILER_APPICON_NAME = AppIcon;
				ASSETCATALOG_COMPILER_GLOBAL_ACCENT_COLOR_NAME = AccentColor;
				CODE_SIGN_STYLE = Automatic;
				CURRENT_PROJECT_VERSION = 1;
				DEVELOPMENT_ASSET_PATHS = "\"swift-ui-test-app/Preview Content\"";
				DEVELOPMENT_TEAM = 2U3BW2PY7Z;
				ENABLE_PREVIEWS = YES;
				GENERATE_INFOPLIST_FILE = YES;
				INFOPLIST_KEY_UIApplicationSceneManifest_Generation = YES;
				INFOPLIST_KEY_UIApplicationSupportsIndirectInputEvents = YES;
				INFOPLIST_KEY_UILaunchScreen_Generation = YES;
				INFOPLIST_KEY_UISupportedInterfaceOrientations_iPad = "UIInterfaceOrientationPortrait UIInterfaceOrientationPortraitUpsideDown UIInterfaceOrientationLandscapeLeft UIInterfaceOrientationLandscapeRight";
				INFOPLIST_KEY_UISupportedInterfaceOrientations_iPhone = "UIInterfaceOrientationPortrait UIInterfaceOrientationLandscapeLeft UIInterfaceOrientationLandscapeRight";
				LD_RUNPATH_SEARCH_PATHS = (
					"$(inherited)",
					"@executable_path/Frameworks",
				);
				MARKETING_VERSION = 1.0;
				PRODUCT_BUNDLE_IDENTIFIER = "self-project.swift-ui-test-app";
				PRODUCT_NAME = "$(TARGET_NAME)";
				SWIFT_EMIT_LOC_STRINGS = YES;
				SWIFT_VERSION = 5.0;
				TARGETED_DEVICE_FAMILY = "1,2";
			};
			name = Release;
		};
		930C165A295F5A2A004C4F65 /* Debug */ = {
			isa = XCBuildConfiguration;
			buildSettings = {
				ALWAYS_EMBED_SWIFT_STANDARD_LIBRARIES = YES;
				BUNDLE_LOADER = "$(TEST_HOST)";
				CODE_SIGN_STYLE = Automatic;
				CURRENT_PROJECT_VERSION = 1;
				DEVELOPMENT_TEAM = 2U3BW2PY7Z;
				GENERATE_INFOPLIST_FILE = YES;
				IPHONEOS_DEPLOYMENT_TARGET = 16.2;
				MARKETING_VERSION = 1.0;
				PRODUCT_BUNDLE_IDENTIFIER = "self-project.swift-ui-test-appTests";
				PRODUCT_NAME = "$(TARGET_NAME)";
				SWIFT_EMIT_LOC_STRINGS = NO;
				SWIFT_VERSION = 5.0;
				TARGETED_DEVICE_FAMILY = "1,2";
				TEST_HOST = "$(BUILT_PRODUCTS_DIR)/swift-ui-test-app.app/$(BUNDLE_EXECUTABLE_FOLDER_PATH)/swift-ui-test-app";
			};
			name = Debug;
		};
		930C165B295F5A2A004C4F65 /* Release */ = {
			isa = XCBuildConfiguration;
			buildSettings = {
				ALWAYS_EMBED_SWIFT_STANDARD_LIBRARIES = YES;
				BUNDLE_LOADER = "$(TEST_HOST)";
				CODE_SIGN_STYLE = Automatic;
				CURRENT_PROJECT_VERSION = 1;
				DEVELOPMENT_TEAM = 2U3BW2PY7Z;
				GENERATE_INFOPLIST_FILE = YES;
				IPHONEOS_DEPLOYMENT_TARGET = 16.2;
				MARKETING_VERSION = 1.0;
				PRODUCT_BUNDLE_IDENTIFIER = "self-project.swift-ui-test-appTests";
				PRODUCT_NAME = "$(TARGET_NAME)";
				SWIFT_EMIT_LOC_STRINGS = NO;
				SWIFT_VERSION = 5.0;
				TARGETED_DEVICE_FAMILY = "1,2";
				TEST_HOST = "$(BUILT_PRODUCTS_DIR)/swift-ui-test-app.app/$(BUNDLE_EXECUTABLE_FOLDER_PATH)/swift-ui-test-app";
			};
			name = Release;
		};
		930C165D295F5A2A004C4F65 /* Debug */ = {
			isa = XCBuildConfiguration;
			buildSettings = {
				ALWAYS_EMBED_SWIFT_STANDARD_LIBRARIES = YES;
				CODE_SIGN_STYLE = Automatic;
				CURRENT_PROJECT_VERSION = 1;
				DEVELOPMENT_TEAM = 2U3BW2PY7Z;
				GENERATE_INFOPLIST_FILE = YES;
				MARKETING_VERSION = 1.0;
				PRODUCT_BUNDLE_IDENTIFIER = "self-project.swift-ui-test-appUITests";
				PRODUCT_NAME = "$(TARGET_NAME)";
				SWIFT_EMIT_LOC_STRINGS = NO;
				SWIFT_VERSION = 5.0;
				TARGETED_DEVICE_FAMILY = "1,2";
				TEST_TARGET_NAME = "swift-ui-test-app";
			};
			name = Debug;
		};
		930C165E295F5A2A004C4F65 /* Release */ = {
			isa = XCBuildConfiguration;
			buildSettings = {
				ALWAYS_EMBED_SWIFT_STANDARD_LIBRARIES = YES;
				CODE_SIGN_STYLE = Automatic;
				CURRENT_PROJECT_VERSION = 1;
				DEVELOPMENT_TEAM = 2U3BW2PY7Z;
				GENERATE_INFOPLIST_FILE = YES;
				MARKETING_VERSION = 1.0;
				PRODUCT_BUNDLE_IDENTIFIER = "self-project.swift-ui-test-appUITests";
				PRODUCT_NAME = "$(TARGET_NAME)";
				SWIFT_EMIT_LOC_STRINGS = NO;
				SWIFT_VERSION = 5.0;
				TARGETED_DEVICE_FAMILY = "1,2";
				TEST_TARGET_NAME = "swift-ui-test-app";
			};
			name = Release;
		};
/* End XCBuildConfiguration section */

/* Begin XCConfigurationList section */
		930C162D295F5A29004C4F65 /* Build configuration list for PBXProject "swift-ui-test-app" */ = {
			isa = XCConfigurationList;
			buildConfigurations = (
				930C1654295F5A2A004C4F65 /* Debug */,
				930C1655295F5A2A004C4F65 /* Release */,
			);
			defaultConfigurationIsVisible = 0;
			defaultConfigurationName = Release;
		};
		930C1656295F5A2A004C4F65 /* Build configuration list for PBXNativeTarget "swift-ui-test-app" */ = {
			isa = XCConfigurationList;
			buildConfigurations = (
				930C1657295F5A2A004C4F65 /* Debug */,
				930C1658295F5A2A004C4F65 /* Release */,
			);
			defaultConfigurationIsVisible = 0;
			defaultConfigurationName = Release;
		};
		930C1659295F5A2A004C4F65 /* Build configuration list for PBXNativeTarget "swift-ui-test-appTests" */ = {
			isa = XCConfigurationList;
			buildConfigurations = (
				930C165A295F5A2A004C4F65 /* Debug */,
				930C165B295F5A2A004C4F65 /* Release */,
			);
			defaultConfigurationIsVisible = 0;
			defaultConfigurationName = Release;
		};
		930C165C295F5A2A004C4F65 /* Build configuration list for PBXNativeTarget "swift-ui-test-appUITests" */ = {
			isa = XCConfigurationList;
			buildConfigurations = (
				930C165D295F5A2A004C4F65 /* Debug */,
				930C165E295F5A2A004C4F65 /* Release */,
			);
			defaultConfigurationIsVisible = 0;
			defaultConfigurationName = Release;
		};
/* End XCConfigurationList section */
	};
	rootObject = 930C162A295F5A29004C4F65 /* Project object */;
}
